
Microsoft Visual Studio Solution File, Format Version 12.00
# Visual Studio Version 17
VisualStudioVersion = 17.3.32922.545
MinimumVisualStudioVersion = 10.0.40219.1
Project("{FAE04EC0-301F-11D3-BF4B-00C04F79EFBC}") = "Lab 1", "Lab 1.csproj", "{CE5691E1-72F9-4474-A7A7-6BD0D4E6B1EB}"
EndProject
Global
	GlobalSection(SolutionConfigurationPlatforms) = preSolution
		Debug|Any CPU = Debug|Any CPU
		Release|Any CPU = Release|Any CPU
	EndGlobalSection
	GlobalSection(ProjectConfigurationPlatforms) = postSolution
		{CE5691E1-72F9-4474-A7A7-6BD0D4E6B1EB}.Debug|Any CPU.ActiveCfg = Debug|Any CPU
		{CE5691E1-72F9-4474-A7A7-6BD0D4E6B1EB}.Debug|Any CPU.Build.0 = Debug|Any CPU
		{CE5691E1-72F9-4474-A7A7-6BD0D4E6B1EB}.Release|Any CPU.ActiveCfg = Release|Any CPU
		{CE5691E1-72F9-4474-A7A7-6BD0D4E6B1EB}.Release|Any CPU.Build.0 = Release|Any CPU
	EndGlobalSection
	GlobalSection(SolutionProperties) = preSolution
		HideSolutionNode = FALSE
	EndGlobalSection
	GlobalSection(ExtensibilityGlobals) = postSolution
		SolutionGuid = {724B1C9B-27A0-4F15-852E-7669AE2AE88E}
	EndGlobalSection
EndGlobal
